// !$*UTF8*$!
{
	archiveVersion = 1;
	classes = {
	};
	objectVersion = 46;
	objects = {

/* Begin PBXBuildFile section */
		C2DB2717D9E981F29BB3C0A4 /* Pods_Backend.framework in Frameworks */ = {isa = PBXBuildFile; fileRef = 269EF1DEEDCABAE13F217DA7 /* Pods_Backend.framework */; settings = {ATTRIBUTES = (Weak, ); }; };
		C4C60D4D1B1DDACC009EA78A /* Backend.h in Headers */ = {isa = PBXBuildFile; fileRef = C4C60D4C1B1DDACC009EA78A /* Backend.h */; settings = {ATTRIBUTES = (Public, ); }; };
		C4C60D641B1DDB52009EA78A /* XCGLogger.swift in Sources */ = {isa = PBXBuildFile; fileRef = C4C60D631B1DDB52009EA78A /* XCGLogger.swift */; };
		C4C60D661B1DDBA5009EA78A /* Podfile in Resources */ = {isa = PBXBuildFile; fileRef = C4C60D651B1DDBA5009EA78A /* Podfile */; };
/* End PBXBuildFile section */

/* Begin PBXFileReference section */
		1E3AE1A2398A2D9CB7CC76BF /* Pods-Backend.release.xcconfig */ = {isa = PBXFileReference; includeInIndex = 1; lastKnownFileType = text.xcconfig; name = "Pods-Backend.release.xcconfig"; path = "Pods/Target Support Files/Pods-Backend/Pods-Backend.release.xcconfig"; sourceTree = "<group>"; };
		269EF1DEEDCABAE13F217DA7 /* Pods_Backend.framework */ = {isa = PBXFileReference; explicitFileType = wrapper.framework; includeInIndex = 0; path = Pods_Backend.framework; sourceTree = BUILT_PRODUCTS_DIR; };
		586D47521356D7D08FB4BC00 /* Pods-Backend.debug.xcconfig */ = {isa = PBXFileReference; includeInIndex = 1; lastKnownFileType = text.xcconfig; name = "Pods-Backend.debug.xcconfig"; path = "Pods/Target Support Files/Pods-Backend/Pods-Backend.debug.xcconfig"; sourceTree = "<group>"; };
		C4C60D471B1DDACC009EA78A /* Backend.framework */ = {isa = PBXFileReference; explicitFileType = wrapper.framework; includeInIndex = 0; path = Backend.framework; sourceTree = BUILT_PRODUCTS_DIR; };
		C4C60D4B1B1DDACC009EA78A /* Info.plist */ = {isa = PBXFileReference; lastKnownFileType = text.plist.xml; path = Info.plist; sourceTree = "<group>"; };
		C4C60D4C1B1DDACC009EA78A /* Backend.h */ = {isa = PBXFileReference; lastKnownFileType = sourcecode.c.h; path = Backend.h; sourceTree = "<group>"; };
		C4C60D631B1DDB52009EA78A /* XCGLogger.swift */ = {isa = PBXFileReference; fileEncoding = 4; lastKnownFileType = sourcecode.swift; path = XCGLogger.swift; sourceTree = "<group>"; };
		C4C60D651B1DDBA5009EA78A /* Podfile */ = {isa = PBXFileReference; fileEncoding = 4; lastKnownFileType = text; path = Podfile; sourceTree = "<group>"; xcLanguageSpecificationIdentifier = xcode.lang.ruby; };
/* End PBXFileReference section */

/* Begin PBXFrameworksBuildPhase section */
		C4C60D431B1DDACC009EA78A /* Frameworks */ = {
			isa = PBXFrameworksBuildPhase;
			buildActionMask = 2147483647;
			files = (
				C2DB2717D9E981F29BB3C0A4 /* Pods_Backend.framework in Frameworks */,
			);
			runOnlyForDeploymentPostprocessing = 0;
		};
/* End PBXFrameworksBuildPhase section */

/* Begin PBXGroup section */
		36F2B796D8C111D90852D8EC /* Pods */ = {
			isa = PBXGroup;
			children = (
				586D47521356D7D08FB4BC00 /* Pods-Backend.debug.xcconfig */,
				1E3AE1A2398A2D9CB7CC76BF /* Pods-Backend.release.xcconfig */,
			);
			name = Pods;
			sourceTree = "<group>";
		};
		BE2DDFD7810C42E06C01A44B /* Frameworks */ = {
			isa = PBXGroup;
			children = (
				269EF1DEEDCABAE13F217DA7 /* Pods_Backend.framework */,
			);
			name = Frameworks;
			sourceTree = "<group>";
		};
		C4C60D3D1B1DDACC009EA78A = {
			isa = PBXGroup;
			children = (
				C4C60D631B1DDB52009EA78A /* XCGLogger.swift */,
				C4C60D491B1DDACC009EA78A /* Backend */,
				C4C60D481B1DDACC009EA78A /* Products */,
				C4C60D651B1DDBA5009EA78A /* Podfile */,
				36F2B796D8C111D90852D8EC /* Pods */,
				BE2DDFD7810C42E06C01A44B /* Frameworks */,
			);
			sourceTree = "<group>";
		};
		C4C60D481B1DDACC009EA78A /* Products */ = {
			isa = PBXGroup;
			children = (
				C4C60D471B1DDACC009EA78A /* Backend.framework */,
			);
			name = Products;
			sourceTree = "<group>";
		};
		C4C60D491B1DDACC009EA78A /* Backend */ = {
			isa = PBXGroup;
			children = (
				C4C60D4C1B1DDACC009EA78A /* Backend.h */,
				C4C60D4A1B1DDACC009EA78A /* Supporting Files */,
			);
			path = Backend;
			sourceTree = "<group>";
		};
		C4C60D4A1B1DDACC009EA78A /* Supporting Files */ = {
			isa = PBXGroup;
			children = (
				C4C60D4B1B1DDACC009EA78A /* Info.plist */,
			);
			name = "Supporting Files";
			sourceTree = "<group>";
		};
/* End PBXGroup section */

/* Begin PBXHeadersBuildPhase section */
		C4C60D441B1DDACC009EA78A /* Headers */ = {
			isa = PBXHeadersBuildPhase;
			buildActionMask = 2147483647;
			files = (
				C4C60D4D1B1DDACC009EA78A /* Backend.h in Headers */,
			);
			runOnlyForDeploymentPostprocessing = 0;
		};
/* End PBXHeadersBuildPhase section */

/* Begin PBXNativeTarget section */
		C4C60D461B1DDACC009EA78A /* Backend */ = {
			isa = PBXNativeTarget;
			buildConfigurationList = C4C60D5D1B1DDACC009EA78A /* Build configuration list for PBXNativeTarget "Backend" */;
			buildPhases = (
				43C744304F9DDBC3748DD61A /* Check Pods Manifest.lock */,
				C4C60D421B1DDACC009EA78A /* Sources */,
				C4C60D431B1DDACC009EA78A /* Frameworks */,
				C4C60D441B1DDACC009EA78A /* Headers */,
				C4C60D451B1DDACC009EA78A /* Resources */,
				B9B8DCEA6773078082C60A4F /* Copy Pods Resources */,
			);
			buildRules = (
			);
			dependencies = (
			);
			name = Backend;
			productName = Backend;
			productReference = C4C60D471B1DDACC009EA78A /* Backend.framework */;
			productType = "com.apple.product-type.framework";
		};
/* End PBXNativeTarget section */

/* Begin PBXProject section */
		C4C60D3E1B1DDACC009EA78A /* Project object */ = {
			isa = PBXProject;
			attributes = {
				LastSwiftUpdateCheck = 0700;
				LastUpgradeCheck = 0700;
				ORGANIZATIONNAME = phimage;
				TargetAttributes = {
					C4C60D461B1DDACC009EA78A = {
						CreatedOnToolsVersion = 6.3.2;
					};
				};
			};
			buildConfigurationList = C4C60D411B1DDACC009EA78A /* Build configuration list for PBXProject "Backend" */;
			compatibilityVersion = "Xcode 3.2";
			developmentRegion = English;
			hasScannedForEncodings = 0;
			knownRegions = (
				en,
			);
			mainGroup = C4C60D3D1B1DDACC009EA78A;
			productRefGroup = C4C60D481B1DDACC009EA78A /* Products */;
			projectDirPath = "";
			projectRoot = "";
			targets = (
				C4C60D461B1DDACC009EA78A /* Backend */,
			);
		};
/* End PBXProject section */

/* Begin PBXResourcesBuildPhase section */
		C4C60D451B1DDACC009EA78A /* Resources */ = {
			isa = PBXResourcesBuildPhase;
			buildActionMask = 2147483647;
			files = (
				C4C60D661B1DDBA5009EA78A /* Podfile in Resources */,
			);
			runOnlyForDeploymentPostprocessing = 0;
		};
/* End PBXResourcesBuildPhase section */

/* Begin PBXShellScriptBuildPhase section */
		43C744304F9DDBC3748DD61A /* Check Pods Manifest.lock */ = {
			isa = PBXShellScriptBuildPhase;
			buildActionMask = 2147483647;
			files = (
			);
			inputPaths = (
			);
			name = "Check Pods Manifest.lock";
			outputPaths = (
			);
			runOnlyForDeploymentPostprocessing = 0;
			shellPath = /bin/sh;
			shellScript = "diff \"${PODS_ROOT}/../Podfile.lock\" \"${PODS_ROOT}/Manifest.lock\" > /dev/null\nif [[ $? != 0 ]] ; then\n    cat << EOM\nerror: The sandbox is not in sync with the Podfile.lock. Run 'pod install' or update your CocoaPods installation.\nEOM\n    exit 1\nfi\n";
			showEnvVarsInLog = 0;
		};
		B9B8DCEA6773078082C60A4F /* Copy Pods Resources */ = {
			isa = PBXShellScriptBuildPhase;
			buildActionMask = 2147483647;
			files = (
			);
			inputPaths = (
			);
			name = "Copy Pods Resources";
			outputPaths = (
			);
			runOnlyForDeploymentPostprocessing = 0;
			shellPath = /bin/sh;
			shellScript = "\"${SRCROOT}/Pods/Target Support Files/Pods-Backend/Pods-Backend-resources.sh\"\n";
			showEnvVarsInLog = 0;
		};
/* End PBXShellScriptBuildPhase section */

/* Begin PBXSourcesBuildPhase section */
		C4C60D421B1DDACC009EA78A /* Sources */ = {
			isa = PBXSourcesBuildPhase;
			buildActionMask = 2147483647;
			files = (
				C4C60D641B1DDB52009EA78A /* XCGLogger.swift in Sources */,
			);
			runOnlyForDeploymentPostprocessing = 0;
		};
/* End PBXSourcesBuildPhase section */

/* Begin XCBuildConfiguration section */
		C4C60D5B1B1DDACC009EA78A /* Debug */ = {
			isa = XCBuildConfiguration;
			buildSettings = {
				ALWAYS_SEARCH_USER_PATHS = NO;
				CLANG_CXX_LANGUAGE_STANDARD = "gnu++0x";
				CLANG_CXX_LIBRARY = "libc++";
				CLANG_ENABLE_MODULES = YES;
				CLANG_ENABLE_OBJC_ARC = YES;
				CLANG_WARN_BOOL_CONVERSION = YES;
				CLANG_WARN_CONSTANT_CONVERSION = YES;
				CLANG_WARN_DIRECT_OBJC_ISA_USAGE = YES_ERROR;
				CLANG_WARN_EMPTY_BODY = YES;
				CLANG_WARN_ENUM_CONVERSION = YES;
				CLANG_WARN_INT_CONVERSION = YES;
				CLANG_WARN_OBJC_ROOT_CLASS = YES_ERROR;
				CLANG_WARN_UNREACHABLE_CODE = YES;
				CLANG_WARN__DUPLICATE_METHOD_MATCH = YES;
				"CODE_SIGN_IDENTITY[sdk=iphoneos*]" = "iPhone Developer";
				COPY_PHASE_STRIP = NO;
				CURRENT_PROJECT_VERSION = 1;
				DEBUG_INFORMATION_FORMAT = "dwarf-with-dsym";
				ENABLE_STRICT_OBJC_MSGSEND = YES;
				ENABLE_TESTABILITY = YES;
				GCC_C_LANGUAGE_STANDARD = gnu99;
				GCC_DYNAMIC_NO_PIC = NO;
				GCC_NO_COMMON_BLOCKS = YES;
				GCC_OPTIMIZATION_LEVEL = 0;
				GCC_PREPROCESSOR_DEFINITIONS = (
					"DEBUG=1",
					"$(inherited)",
				);
				GCC_SYMBOLS_PRIVATE_EXTERN = NO;
				GCC_WARN_64_TO_32_BIT_CONVERSION = YES;
				GCC_WARN_ABOUT_RETURN_TYPE = YES_ERROR;
				GCC_WARN_UNDECLARED_SELECTOR = YES;
				GCC_WARN_UNINITIALIZED_AUTOS = YES_AGGRESSIVE;
				GCC_WARN_UNUSED_FUNCTION = YES;
				GCC_WARN_UNUSED_VARIABLE = YES;
				IPHONEOS_DEPLOYMENT_TARGET = 8.3;
				MTL_ENABLE_DEBUG_INFO = YES;
				ONLY_ACTIVE_ARCH = YES;
				SDKROOT = iphoneos;
				SWIFT_OPTIMIZATION_LEVEL = "-Onone";
				TARGETED_DEVICE_FAMILY = "1,2";
				VERSIONING_SYSTEM = "apple-generic";
				VERSION_INFO_PREFIX = "";
			};
			name = Debug;
		};
		C4C60D5C1B1DDACC009EA78A /* Release */ = {
			isa = XCBuildConfiguration;
			buildSettings = {
				ALWAYS_SEARCH_USER_PATHS = NO;
				CLANG_CXX_LANGUAGE_STANDARD = "gnu++0x";
				CLANG_CXX_LIBRARY = "libc++";
				CLANG_ENABLE_MODULES = YES;
				CLANG_ENABLE_OBJC_ARC = YES;
				CLANG_WARN_BOOL_CONVERSION = YES;
				CLANG_WARN_CONSTANT_CONVERSION = YES;
				CLANG_WARN_DIRECT_OBJC_ISA_USAGE = YES_ERROR;
				CLANG_WARN_EMPTY_BODY = YES;
				CLANG_WARN_ENUM_CONVERSION = YES;
				CLANG_WARN_INT_CONVERSION = YES;
				CLANG_WARN_OBJC_ROOT_CLASS = YES_ERROR;
				CLANG_WARN_UNREACHABLE_CODE = YES;
				CLANG_WARN__DUPLICATE_METHOD_MATCH = YES;
				"CODE_SIGN_IDENTITY[sdk=iphoneos*]" = "iPhone Developer";
				COPY_PHASE_STRIP = NO;
				CURRENT_PROJECT_VERSION = 1;
				DEBUG_INFORMATION_FORMAT = "dwarf-with-dsym";
				ENABLE_NS_ASSERTIONS = NO;
				ENABLE_STRICT_OBJC_MSGSEND = YES;
				GCC_C_LANGUAGE_STANDARD = gnu99;
				GCC_NO_COMMON_BLOCKS = YES;
				GCC_WARN_64_TO_32_BIT_CONVERSION = YES;
				GCC_WARN_ABOUT_RETURN_TYPE = YES_ERROR;
				GCC_WARN_UNDECLARED_SELECTOR = YES;
				GCC_WARN_UNINITIALIZED_AUTOS = YES_AGGRESSIVE;
				GCC_WARN_UNUSED_FUNCTION = YES;
				GCC_WARN_UNUSED_VARIABLE = YES;
				IPHONEOS_DEPLOYMENT_TARGET = 8.3;
				MTL_ENABLE_DEBUG_INFO = NO;
				SDKROOT = iphoneos;
				TARGETED_DEVICE_FAMILY = "1,2";
				VALIDATE_PRODUCT = YES;
				VERSIONING_SYSTEM = "apple-generic";
				VERSION_INFO_PREFIX = "";
			};
			name = Release;
		};
		C4C60D5E1B1DDACC009EA78A /* Debug */ = {
			isa = XCBuildConfiguration;
			baseConfigurationReference = 586D47521356D7D08FB4BC00 /* Pods-Backend.debug.xcconfig */;
			buildSettings = {
				CLANG_ENABLE_MODULES = YES;
				DEFINES_MODULE = YES;
				DYLIB_COMPATIBILITY_VERSION = 1;
				DYLIB_CURRENT_VERSION = 1;
				DYLIB_INSTALL_NAME_BASE = "@rpath";
				INFOPLIST_FILE = Backend/Info.plist;
				INSTALL_PATH = "$(LOCAL_LIBRARY_DIR)/Frameworks";
				LD_RUNPATH_SEARCH_PATHS = "$(inherited) @executable_path/Frameworks @loader_path/Frameworks";
				OTHER_SWIFT_FLAGS = "$(inherited) \"-D\" \"COCOAPODS\" -D EXTERNAL";
				PRODUCT_BUNDLE_IDENTIFIER = "tv.phimage.$(PRODUCT_NAME:rfc1034identifier)";
				PRODUCT_NAME = "$(TARGET_NAME)";
				SKIP_INSTALL = YES;
				SWIFT_OPTIMIZATION_LEVEL = "-Onone";
			};
			name = Debug;
		};
		C4C60D5F1B1DDACC009EA78A /* Release */ = {
			isa = XCBuildConfiguration;
			baseConfigurationReference = 1E3AE1A2398A2D9CB7CC76BF /* Pods-Backend.release.xcconfig */;
			buildSettings = {
				CLANG_ENABLE_MODULES = YES;
				DEFINES_MODULE = YES;
				DYLIB_COMPATIBILITY_VERSION = 1;
				DYLIB_CURRENT_VERSION = 1;
				DYLIB_INSTALL_NAME_BASE = "@rpath";
				INFOPLIST_FILE = Backend/Info.plist;
				INSTALL_PATH = "$(LOCAL_LIBRARY_DIR)/Frameworks";
				LD_RUNPATH_SEARCH_PATHS = "$(inherited) @executable_path/Frameworks @loader_path/Frameworks";
				OTHER_SWIFT_FLAGS = "$(inherited) \"-D\" \"COCOAPODS\" -D EXTERNAL";
				PRODUCT_BUNDLE_IDENTIFIER = "tv.phimage.$(PRODUCT_NAME:rfc1034identifier)";
				PRODUCT_NAME = "$(TARGET_NAME)";
				SKIP_INSTALL = YES;
			};
			name = Release;
		};
/* End XCBuildConfiguration section */

/* Begin XCConfigurationList section */
		C4C60D411B1DDACC009EA78A /* Build configuration list for PBXProject "Backend" */ = {
			isa = XCConfigurationList;
			buildConfigurations = (
				C4C60D5B1B1DDACC009EA78A /* Debug */,
				C4C60D5C1B1DDACC009EA78A /* Release */,
			);
			defaultConfigurationIsVisible = 0;
			defaultConfigurationName = Release;
		};
		C4C60D5D1B1DDACC009EA78A /* Build configuration list for PBXNativeTarget "Backend" */ = {
			isa = XCConfigurationList;
			buildConfigurations = (
				C4C60D5E1B1DDACC009EA78A /* Debug */,
				C4C60D5F1B1DDACC009EA78A /* Release */,
			);
			defaultConfigurationIsVisible = 0;
			defaultConfigurationName = Release;
		};
/* End XCConfigurationList section */
	};
	rootObject = C4C60D3E1B1DDACC009EA78A /* Project object */;
}
